// !$*UTF8*$!
{
	archiveVersion = 1;
	classes = {
	};
	objectVersion = 46;
	objects = {

/* Begin PBXBuildFile section */
		D0A4E95017DC53C8005E7750 /* UIKit.framework in Frameworks */ = {isa = PBXBuildFile; fileRef = D0A4E94F17DC53C8005E7750 /* UIKit.framework */; };
		D0A4E95217DC53C8005E7750 /* Foundation.framework in Frameworks */ = {isa = PBXBuildFile; fileRef = D0A4E95117DC53C8005E7750 /* Foundation.framework */; };
		D0A4E95417DC53C8005E7750 /* CoreGraphics.framework in Frameworks */ = {isa = PBXBuildFile; fileRef = D0A4E95317DC53C8005E7750 /* CoreGraphics.framework */; };
		D0A4E95A17DC53C9005E7750 /* InfoPlist.strings in Resources */ = {isa = PBXBuildFile; fileRef = D0A4E95817DC53C9005E7750 /* InfoPlist.strings */; };
		D0A4E95C17DC53C9005E7750 /* main.m in Sources */ = {isa = PBXBuildFile; fileRef = D0A4E95B17DC53C9005E7750 /* main.m */; };
		D0A4E96017DC53C9005E7750 /* AppDelegate.m in Sources */ = {isa = PBXBuildFile; fileRef = D0A4E95F17DC53C9005E7750 /* AppDelegate.m */; };
		D0A4E96317DC53C9005E7750 /* MainStoryboard_iPhone.storyboard in Resources */ = {isa = PBXBuildFile; fileRef = D0A4E96117DC53C9005E7750 /* MainStoryboard_iPhone.storyboard */; };
		D0A4E96617DC53C9005E7750 /* MainStoryboard_iPad.storyboard in Resources */ = {isa = PBXBuildFile; fileRef = D0A4E96417DC53C9005E7750 /* MainStoryboard_iPad.storyboard */; };
		D0A4E96917DC53C9005E7750 /* FirstViewController.m in Sources */ = {isa = PBXBuildFile; fileRef = D0A4E96817DC53C9005E7750 /* FirstViewController.m */; };
		D0A4E96B17DC53C9005E7750 /* first.png in Resources */ = {isa = PBXBuildFile; fileRef = D0A4E96A17DC53C9005E7750 /* first.png */; };
		D0A4E96D17DC53C9005E7750 /* first@2x.png in Resources */ = {isa = PBXBuildFile; fileRef = D0A4E96C17DC53C9005E7750 /* first@2x.png */; };
		D0A4E97017DC53C9005E7750 /* SecondViewController.m in Sources */ = {isa = PBXBuildFile; fileRef = D0A4E96F17DC53C9005E7750 /* SecondViewController.m */; };
		D0A4E97217DC53C9005E7750 /* second.png in Resources */ = {isa = PBXBuildFile; fileRef = D0A4E97117DC53C9005E7750 /* second.png */; };
		D0A4E97417DC53C9005E7750 /* second@2x.png in Resources */ = {isa = PBXBuildFile; fileRef = D0A4E97317DC53C9005E7750 /* second@2x.png */; };
		D0A4E97C17DC53C9005E7750 /* SenTestingKit.framework in Frameworks */ = {isa = PBXBuildFile; fileRef = D0A4E97B17DC53C9005E7750 /* SenTestingKit.framework */; };
		D0A4E97D17DC53C9005E7750 /* UIKit.framework in Frameworks */ = {isa = PBXBuildFile; fileRef = D0A4E94F17DC53C8005E7750 /* UIKit.framework */; };
		D0A4E97E17DC53C9005E7750 /* Foundation.framework in Frameworks */ = {isa = PBXBuildFile; fileRef = D0A4E95117DC53C8005E7750 /* Foundation.framework */; };
		D0A4E98617DC53C9005E7750 /* InfoPlist.strings in Resources */ = {isa = PBXBuildFile; fileRef = D0A4E98417DC53C9005E7750 /* InfoPlist.strings */; };
		D0A4E98917DC53C9005E7750 /* my_first_porjectTests.m in Sources */ = {isa = PBXBuildFile; fileRef = D0A4E98817DC53C9005E7750 /* my_first_porjectTests.m */; };
/* End PBXBuildFile section */

/* Begin PBXContainerItemProxy section */
		D0A4E97F17DC53C9005E7750 /* PBXContainerItemProxy */ = {
			isa = PBXContainerItemProxy;
			containerPortal = D0A4E94217DC53C8005E7750 /* Project object */;
			proxyType = 1;
			remoteGlobalIDString = D0A4E94A17DC53C8005E7750;
			remoteInfo = "my first porject";
		};
/* End PBXContainerItemProxy section */

/* Begin PBXFileReference section */
		D0A4E94B17DC53C8005E7750 /* my first porject.app */ = {isa = PBXFileReference; explicitFileType = wrapper.application; includeInIndex = 0; path = "my first porject.app"; sourceTree = BUILT_PRODUCTS_DIR; };
		D0A4E94F17DC53C8005E7750 /* UIKit.framework */ = {isa = PBXFileReference; lastKnownFileType = wrapper.framework; name = UIKit.framework; path = System/Library/Frameworks/UIKit.framework; sourceTree = SDKROOT; };
		D0A4E95117DC53C8005E7750 /* Foundation.framework */ = {isa = PBXFileReference; lastKnownFileType = wrapper.framework; name = Foundation.framework; path = System/Library/Frameworks/Foundation.framework; sourceTree = SDKROOT; };
		D0A4E95317DC53C8005E7750 /* CoreGraphics.framework */ = {isa = PBXFileReference; lastKnownFileType = wrapper.framework; name = CoreGraphics.framework; path = System/Library/Frameworks/CoreGraphics.framework; sourceTree = SDKROOT; };
		D0A4E95717DC53C9005E7750 /* my first porject-Info.plist */ = {isa = PBXFileReference; path = "my first porject-Info.plist"; sourceTree = "<group>"; };
		D0A4E95917DC53C9005E7750 /* en */ = {isa = PBXFileReference; lastKnownFileType = text.plist.strings; name = en; path = en.lproj/InfoPlist.strings; sourceTree = "<group>"; };
		D0A4E95B17DC53C9005E7750 /* main.m */ = {isa = PBXFileReference; lastKnownFileType = sourcecode.c.objc; path = main.m; sourceTree = "<group>"; };
		D0A4E95D17DC53C9005E7750 /* my first porject-Prefix.pch */ = {isa = PBXFileReference; path = "my first porject-Prefix.pch"; sourceTree = "<group>"; };
		D0A4E95E17DC53C9005E7750 /* AppDelegate.h */ = {isa = PBXFileReference; path = AppDelegate.h; sourceTree = "<group>"; };
		D0A4E95F17DC53C9005E7750 /* AppDelegate.m */ = {isa = PBXFileReference; lastKnownFileType = sourcecode.c.objc; path = AppDelegate.m; sourceTree = "<group>"; };
		D0A4E96217DC53C9005E7750 /* en */ = {isa = PBXFileReference; lastKnownFileType = file.storyboard; name = en; path = en.lproj/MainStoryboard_iPhone.storyboard; sourceTree = "<group>"; };
		D0A4E96517DC53C9005E7750 /* en */ = {isa = PBXFileReference; lastKnownFileType = file.storyboard; name = en; path = en.lproj/MainStoryboard_iPad.storyboard; sourceTree = "<group>"; };
		D0A4E96717DC53C9005E7750 /* FirstViewController.h */ = {isa = PBXFileReference; path = FirstViewController.h; sourceTree = "<group>"; };
		D0A4E96817DC53C9005E7750 /* FirstViewController.m */ = {isa = PBXFileReference; lastKnownFileType = sourcecode.c.objc; path = FirstViewController.m; sourceTree = "<group>"; };
		D0A4E96A17DC53C9005E7750 /* first.png */ = {isa = PBXFileReference; lastKnownFileType = image.png; path = first.png; sourceTree = "<group>"; };
		D0A4E96C17DC53C9005E7750 /* first@2x.png */ = {isa = PBXFileReference; lastKnownFileType = image.png; path = "first@2x.png"; sourceTree = "<group>"; };
		D0A4E96E17DC53C9005E7750 /* SecondViewController.h */ = {isa = PBXFileReference; path = SecondViewController.h; sourceTree = "<group>"; };
		D0A4E96F17DC53C9005E7750 /* SecondViewController.m */ = {isa = PBXFileReference; lastKnownFileType = sourcecode.c.objc; path = SecondViewController.m; sourceTree = "<group>"; };
		D0A4E97117DC53C9005E7750 /* second.png */ = {isa = PBXFileReference; lastKnownFileType = image.png; path = second.png; sourceTree = "<group>"; };
		D0A4E97317DC53C9005E7750 /* second@2x.png */ = {isa = PBXFileReference; lastKnownFileType = image.png; path = "second@2x.png"; sourceTree = "<group>"; };
		D0A4E97A17DC53C9005E7750 /* my first porjectTests.octest */ = {isa = PBXFileReference; explicitFileType = wrapper.cfbundle; includeInIndex = 0; path = "my first porjectTests.octest"; sourceTree = BUILT_PRODUCTS_DIR; };
		D0A4E97B17DC53C9005E7750 /* SenTestingKit.framework */ = {isa = PBXFileReference; lastKnownFileType = wrapper.framework; name = SenTestingKit.framework; path = Library/Frameworks/SenTestingKit.framework; sourceTree = DEVELOPER_DIR; };
		D0A4E98317DC53C9005E7750 /* my first porjectTests-Info.plist */ = {isa = PBXFileReference; path = "my first porjectTests-Info.plist"; sourceTree = "<group>"; };
		D0A4E98517DC53C9005E7750 /* en */ = {isa = PBXFileReference; lastKnownFileType = text.plist.strings; name = en; path = en.lproj/InfoPlist.strings; sourceTree = "<group>"; };
		D0A4E98717DC53C9005E7750 /* my_first_porjectTests.h */ = {isa = PBXFileReference; path = my_first_porjectTests.h; sourceTree = "<group>"; };
		D0A4E98817DC53C9005E7750 /* my_first_porjectTests.m */ = {isa = PBXFileReference; lastKnownFileType = sourcecode.c.objc; path = my_first_porjectTests.m; sourceTree = "<group>"; };
/* End PBXFileReference section */

/* Begin PBXFrameworksBuildPhase section */
		D0A4E94817DC53C8005E7750 /* Frameworks */ = {
			isa = PBXFrameworksBuildPhase;
			buildActionMask = 2147483647;
			files = (
				D0A4E95017DC53C8005E7750 /* UIKit.framework in Frameworks */,
				D0A4E95217DC53C8005E7750 /* Foundation.framework in Frameworks */,
				D0A4E95417DC53C8005E7750 /* CoreGraphics.framework in Frameworks */,
			);
			runOnlyForDeploymentPostprocessing = 0;
		};
		D0A4E97617DC53C9005E7750 /* Frameworks */ = {
			isa = PBXFrameworksBuildPhase;
			buildActionMask = 2147483647;
			files = (
				D0A4E97C17DC53C9005E7750 /* SenTestingKit.framework in Frameworks */,
				D0A4E97D17DC53C9005E7750 /* UIKit.framework in Frameworks */,
				D0A4E97E17DC53C9005E7750 /* Foundation.framework in Frameworks */,
			);
			runOnlyForDeploymentPostprocessing = 0;
		};
/* End PBXFrameworksBuildPhase section */

/* Begin PBXGroup section */
		D0A4E94017DC53C8005E7750 = {
			isa = PBXGroup;
			children = (
				D0A4E95517DC53C8005E7750 /* my first porject */,
				D0A4E98117DC53C9005E7750 /* my first porjectTests */,
				D0A4E94E17DC53C8005E7750 /* Frameworks */,
				D0A4E94C17DC53C8005E7750 /* Products */,
			);
			sourceTree = "<group>";
		};
		D0A4E94C17DC53C8005E7750 /* Products */ = {
			isa = PBXGroup;
			children = (
				D0A4E94B17DC53C8005E7750 /* my first porject.app */,
				D0A4E97A17DC53C9005E7750 /* my first porjectTests.octest */,
			);
			name = Products;
			sourceTree = "<group>";
		};
		D0A4E94E17DC53C8005E7750 /* Frameworks */ = {
			isa = PBXGroup;
			children = (
				D0A4E94F17DC53C8005E7750 /* UIKit.framework */,
				D0A4E95117DC53C8005E7750 /* Foundation.framework */,
				D0A4E95317DC53C8005E7750 /* CoreGraphics.framework */,
				D0A4E97B17DC53C9005E7750 /* SenTestingKit.framework */,
			);
			name = Frameworks;
			sourceTree = "<group>";
		};
		D0A4E95517DC53C8005E7750 /* my first porject */ = {
			isa = PBXGroup;
			children = (
				D0A4E95E17DC53C9005E7750 /* AppDelegate.h */,
				D0A4E95F17DC53C9005E7750 /* AppDelegate.m */,
				D0A4E96117DC53C9005E7750 /* MainStoryboard_iPhone.storyboard */,
				D0A4E96417DC53C9005E7750 /* MainStoryboard_iPad.storyboard */,
				D0A4E96717DC53C9005E7750 /* FirstViewController.h */,
				D0A4E96817DC53C9005E7750 /* FirstViewController.m */,
				D0A4E96A17DC53C9005E7750 /* first.png */,
				D0A4E96C17DC53C9005E7750 /* first@2x.png */,
				D0A4E96E17DC53C9005E7750 /* SecondViewController.h */,
				D0A4E96F17DC53C9005E7750 /* SecondViewController.m */,
				D0A4E97117DC53C9005E7750 /* second.png */,
				D0A4E97317DC53C9005E7750 /* second@2x.png */,
				D0A4E95617DC53C9005E7750 /* Supporting Files */,
			);
			path = "my first porject";
			sourceTree = "<group>";
		};
		D0A4E95617DC53C9005E7750 /* Supporting Files */ = {
			isa = PBXGroup;
			children = (
				D0A4E95717DC53C9005E7750 /* my first porject-Info.plist */,
				D0A4E95817DC53C9005E7750 /* InfoPlist.strings */,
				D0A4E95B17DC53C9005E7750 /* main.m */,
				D0A4E95D17DC53C9005E7750 /* my first porject-Prefix.pch */,
			);
			name = "Supporting Files";
			sourceTree = "<group>";
		};
		D0A4E98117DC53C9005E7750 /* my first porjectTests */ = {
			isa = PBXGroup;
			children = (
				D0A4E98717DC53C9005E7750 /* my_first_porjectTests.h */,
				D0A4E98817DC53C9005E7750 /* my_first_porjectTests.m */,
				D0A4E98217DC53C9005E7750 /* Supporting Files */,
			);
			path = "my first porjectTests";
			sourceTree = "<group>";
		};
		D0A4E98217DC53C9005E7750 /* Supporting Files */ = {
			isa = PBXGroup;
			children = (
				D0A4E98317DC53C9005E7750 /* my first porjectTests-Info.plist */,
				D0A4E98417DC53C9005E7750 /* InfoPlist.strings */,
			);
			name = "Supporting Files";
			sourceTree = "<group>";
		};
/* End PBXGroup section */

/* Begin PBXNativeTarget section */
		D0A4E94A17DC53C8005E7750 /* my first porject */ = {
			isa = PBXNativeTarget;
			buildConfigurationList = D0A4E98C17DC53C9005E7750 /* Build configuration list for PBXNativeTarget "my first porject" */;
			buildPhases = (
				D0A4E94717DC53C8005E7750 /* Sources */,
				D0A4E94817DC53C8005E7750 /* Frameworks */,
				D0A4E94917DC53C8005E7750 /* Resources */,
			);
			buildRules = (
			);
			dependencies = (
			);
			name = "my first porject";
			productName = "my first porject";
			productReference = D0A4E94B17DC53C8005E7750 /* my first porject.app */;
			productType = "com.apple.product-type.application";
		};
		D0A4E97917DC53C9005E7750 /* my first porjectTests */ = {
			isa = PBXNativeTarget;
			buildConfigurationList = D0A4E98F17DC53C9005E7750 /* Build configuration list for PBXNativeTarget "my first porjectTests" */;
			buildPhases = (
				D0A4E97517DC53C9005E7750 /* Sources */,
				D0A4E97617DC53C9005E7750 /* Frameworks */,
				D0A4E97717DC53C9005E7750 /* Resources */,
				D0A4E97817DC53C9005E7750 /* ShellScript */,
			);
			buildRules = (
			);
			dependencies = (
				D0A4E98017DC53C9005E7750 /* PBXTargetDependency */,
			);
			name = "my first porjectTests";
			productName = "my first porjectTests";
			productReference = D0A4E97A17DC53C9005E7750 /* my first porjectTests.octest */;
			productType = "com.apple.product-type.bundle";
		};
/* End PBXNativeTarget section */

/* Begin PBXProject section */
		D0A4E94217DC53C8005E7750 /* Project object */ = {
			isa = PBXProject;
			attributes = {
				LastUpgradeCheck = 0420;
				ORGANIZATIONNAME = tcs;
			};
			buildConfigurationList = D0A4E94517DC53C8005E7750 /* Build configuration list for PBXProject "my first porject" */;
			compatibilityVersion = "Xcode 3.2";
			developmentRegion = English;
			hasScannedForEncodings = 0;
			knownRegions = (
				en,
			);
			mainGroup = D0A4E94017DC53C8005E7750;
			productRefGroup = D0A4E94C17DC53C8005E7750 /* Products */;
			projectDirPath = "";
			projectRoot = "";
			targets = (
				D0A4E94A17DC53C8005E7750 /* my first porject */,
				D0A4E97917DC53C9005E7750 /* my first porjectTests */,
			);
		};
/* End PBXProject section */

/* Begin PBXResourcesBuildPhase section */
		D0A4E94917DC53C8005E7750 /* Resources */ = {
			isa = PBXResourcesBuildPhase;
			buildActionMask = 2147483647;
			files = (
				D0A4E95A17DC53C9005E7750 /* InfoPlist.strings in Resources */,
				D0A4E96317DC53C9005E7750 /* MainStoryboard_iPhone.storyboard in Resources */,
				D0A4E96617DC53C9005E7750 /* MainStoryboard_iPad.storyboard in Resources */,
				D0A4E96B17DC53C9005E7750 /* first.png in Resources */,
				D0A4E96D17DC53C9005E7750 /* first@2x.png in Resources */,
				D0A4E97217DC53C9005E7750 /* second.png in Resources */,
				D0A4E97417DC53C9005E7750 /* second@2x.png in Resources */,
			);
			runOnlyForDeploymentPostprocessing = 0;
		};
		D0A4E97717DC53C9005E7750 /* Resources */ = {
			isa = PBXResourcesBuildPhase;
			buildActionMask = 2147483647;
			files = (
				D0A4E98617DC53C9005E7750 /* InfoPlist.strings in Resources */,
			);
			runOnlyForDeploymentPostprocessing = 0;
		};
/* End PBXResourcesBuildPhase section */

/* Begin PBXShellScriptBuildPhase section */
		D0A4E97817DC53C9005E7750 /* ShellScript */ = {
			isa = PBXShellScriptBuildPhase;
			buildActionMask = 2147483647;
			files = (
			);
			inputPaths = (
			);
			outputPaths = (
			);
			runOnlyForDeploymentPostprocessing = 0;
			shellPath = /bin/sh;
			shellScript = "# Run the unit tests in this test bundle.\n\"${SYSTEM_DEVELOPER_DIR}/Tools/RunUnitTests\"\n";
		};
/* End PBXShellScriptBuildPhase section */

/* Begin PBXSourcesBuildPhase section */
		D0A4E94717DC53C8005E7750 /* Sources */ = {
			isa = PBXSourcesBuildPhase;
			buildActionMask = 2147483647;
			files = (
				D0A4E95C17DC53C9005E7750 /* main.m in Sources */,
				D0A4E96017DC53C9005E7750 /* AppDelegate.m in Sources */,
				D0A4E96917DC53C9005E7750 /* FirstViewController.m in Sources */,
				D0A4E97017DC53C9005E7750 /* SecondViewController.m in Sources */,
			);
			runOnlyForDeploymentPostprocessing = 0;
		};
		D0A4E97517DC53C9005E7750 /* Sources */ = {
			isa = PBXSourcesBuildPhase;
			buildActionMask = 2147483647;
			files = (
				D0A4E98917DC53C9005E7750 /* my_first_porjectTests.m in Sources */,
			);
			runOnlyForDeploymentPostprocessing = 0;
		};
/* End PBXSourcesBuildPhase section */

/* Begin PBXTargetDependency section */
		D0A4E98017DC53C9005E7750 /* PBXTargetDependency */ = {
			isa = PBXTargetDependency;
			target = D0A4E94A17DC53C8005E7750 /* my first porject */;
			targetProxy = D0A4E97F17DC53C9005E7750 /* PBXContainerItemProxy */;
		};
/* End PBXTargetDependency section */

/* Begin PBXVariantGroup section */
		D0A4E95817DC53C9005E7750 /* InfoPlist.strings */ = {
			isa = PBXVariantGroup;
			children = (
				D0A4E95917DC53C9005E7750 /* en */,
			);
			name = InfoPlist.strings;
			sourceTree = "<group>";
		};
		D0A4E96117DC53C9005E7750 /* MainStoryboard_iPhone.storyboard */ = {
			isa = PBXVariantGroup;
			children = (
				D0A4E96217DC53C9005E7750 /* en */,
			);
			name = MainStoryboard_iPhone.storyboard;
			sourceTree = "<group>";
		};
		D0A4E96417DC53C9005E7750 /* MainStoryboard_iPad.storyboard */ = {
			isa = PBXVariantGroup;
			children = (
				D0A4E96517DC53C9005E7750 /* en */,
			);
			name = MainStoryboard_iPad.storyboard;
			sourceTree = "<group>";
		};
		D0A4E98417DC53C9005E7750 /* InfoPlist.strings */ = {
			isa = PBXVariantGroup;
			children = (
				D0A4E98517DC53C9005E7750 /* en */,
			);
			name = InfoPlist.strings;
			sourceTree = "<group>";
		};
/* End PBXVariantGroup section */

/* Begin XCBuildConfiguration section */
		D0A4E98A17DC53C9005E7750 /* Debug */ = {
			isa = XCBuildConfiguration;
			buildSettings = {
				ALWAYS_SEARCH_USER_PATHS = NO;
				ARCHS = "$(ARCHS_STANDARD_32_BIT)";
				CLANG_ENABLE_OBJC_ARC = YES;
				"CODE_SIGN_IDENTITY[sdk=iphoneos*]" = "iPhone Developer";
				COPY_PHASE_STRIP = NO;
				GCC_C_LANGUAGE_STANDARD = gnu99;
				GCC_DYNAMIC_NO_PIC = NO;
				GCC_OPTIMIZATION_LEVEL = 0;
				GCC_PREPROCESSOR_DEFINITIONS = (
					"DEBUG=1",
					"$(inherited)",
				);
				GCC_SYMBOLS_PRIVATE_EXTERN = NO;
				GCC_VERSION = com.apple.compilers.llvm.clang.1_0;
				GCC_WARN_ABOUT_MISSING_PROTOTYPES = YES;
				GCC_WARN_ABOUT_RETURN_TYPE = YES;
				GCC_WARN_UNUSED_VARIABLE = YES;
				IPHONEOS_DEPLOYMENT_TARGET = 5.0;
				SDKROOT = iphoneos;
				TARGETED_DEVICE_FAMILY = "1,2";
			};
			name = Debug;
		};
		D0A4E98B17DC53C9005E7750 /* Release */ = {
			isa = XCBuildConfiguration;
			buildSettings = {
				ALWAYS_SEARCH_USER_PATHS = NO;
				ARCHS = "$(ARCHS_STANDARD_32_BIT)";
				CLANG_ENABLE_OBJC_ARC = YES;
				"CODE_SIGN_IDENTITY[sdk=iphoneos*]" = "iPhone Developer";
				COPY_PHASE_STRIP = YES;
				GCC_C_LANGUAGE_STANDARD = gnu99;
				GCC_VERSION = com.apple.compilers.llvm.clang.1_0;
				GCC_WARN_ABOUT_MISSING_PROTOTYPES = YES;
				GCC_WARN_ABOUT_RETURN_TYPE = YES;
				GCC_WARN_UNUSED_VARIABLE = YES;
				IPHONEOS_DEPLOYMENT_TARGET = 5.0;
				OTHER_CFLAGS = "-DNS_BLOCK_ASSERTIONS=1";
				SDKROOT = iphoneos;
				TARGETED_DEVICE_FAMILY = "1,2";
				VALIDATE_PRODUCT = YES;
			};
			name = Release;
		};
		D0A4E98D17DC53C9005E7750 /* Debug */ = {
			isa = XCBuildConfiguration;
			buildSettings = {
				GCC_PRECOMPILE_PREFIX_HEADER = YES;
				GCC_PREFIX_HEADER = "my first porject/my first porject-Prefix.pch";
				INFOPLIST_FILE = "my first porject/my first porject-Info.plist";
				PRODUCT_NAME = "$(TARGET_NAME)";
				WRAPPER_EXTENSION = app;
			};
			name = Debug;
		};
		D0A4E98E17DC53C9005E7750 /* Release */ = {
			isa = XCBuildConfiguration;
			buildSettings = {
				GCC_PRECOMPILE_PREFIX_HEADER = YES;
				GCC_PREFIX_HEADER = "my first porject/my first porject-Prefix.pch";
				INFOPLIST_FILE = "my first porject/my first porject-Info.plist";
				PRODUCT_NAME = "$(TARGET_NAME)";
				WRAPPER_EXTENSION = app;
			};
			name = Release;
		};
		D0A4E99017DC53C9005E7750 /* Debug */ = {
			isa = XCBuildConfiguration;
			buildSettings = {
				BUNDLE_LOADER = "$(BUILT_PRODUCTS_DIR)/my first porject.app/my first porject";
				FRAMEWORK_SEARCH_PATHS = (
					"$(SDKROOT)/Developer/Library/Frameworks",
					"$(DEVELOPER_LIBRARY_DIR)/Frameworks",
				);
				GCC_PRECOMPILE_PREFIX_HEADER = YES;
				GCC_PREFIX_HEADER = "my first porject/my first porject-Prefix.pch";
				INFOPLIST_FILE = "my first porjectTests/my first porjectTests-Info.plist";
				PRODUCT_NAME = "$(TARGET_NAME)";
				TEST_HOST = "$(BUNDLE_LOADER)";
				WRAPPER_EXTENSION = octest;
			};
			name = Debug;
		};
		D0A4E99117DC53C9005E7750 /* Release */ = {
			isa = XCBuildConfiguration;
			buildSettings = {
				BUNDLE_LOADER = "$(BUILT_PRODUCTS_DIR)/my first porject.app/my first porject";
				FRAMEWORK_SEARCH_PATHS = (
					"$(SDKROOT)/Developer/Library/Frameworks",
					"$(DEVELOPER_LIBRARY_DIR)/Frameworks",
				);
				GCC_PRECOMPILE_PREFIX_HEADER = YES;
				GCC_PREFIX_HEADER = "my first porject/my first porject-Prefix.pch";
				INFOPLIST_FILE = "my first porjectTests/my first porjectTests-Info.plist";
				PRODUCT_NAME = "$(TARGET_NAME)";
				TEST_HOST = "$(BUNDLE_LOADER)";
				WRAPPER_EXTENSION = octest;
			};
			name = Release;
		};
/* End XCBuildConfiguration section */

/* Begin XCConfigurationList section */
		D0A4E94517DC53C8005E7750 /* Build configuration list for PBXProject "my first porject" */ = {
			isa = XCConfigurationList;
			buildConfigurations = (
				D0A4E98A17DC53C9005E7750 /* Debug */,
				D0A4E98B17DC53C9005E7750 /* Release */,
			);
			defaultConfigurationIsVisible = 0;
			defaultConfigurationName = Release;
		};
		D0A4E98C17DC53C9005E7750 /* Build configuration list for PBXNativeTarget "my first porject" */ = {
			isa = XCConfigurationList;
			buildConfigurations = (
				D0A4E98D17DC53C9005E7750 /* Debug */,
				D0A4E98E17DC53C9005E7750 /* Release */,
			);
			defaultConfigurationIsVisible = 0;
		};
		D0A4E98F17DC53C9005E7750 /* Build configuration list for PBXNativeTarget "my first porjectTests" */ = {
			isa = XCConfigurationList;
			buildConfigurations = (
				D0A4E99017DC53C9005E7750 /* Debug */,
				D0A4E99117DC53C9005E7750 /* Release */,
			);
			defaultConfigurationIsVisible = 0;
		};
/* End XCConfigurationList section */
	};
	rootObject = D0A4E94217DC53C8005E7750 /* Project object */;
}
